
Microsoft Visual Studio Solution File, Format Version 12.00
# Visual Studio Version 17
VisualStudioVersion = 17.7.34031.279
MinimumVisualStudioVersion = 10.0.40219.1
Project("{888888A0-9F3D-457C-B088-3A5042F75D52}") = "InvoiceLineItemCalculator", "InvoiceLineItemCalculator.pyproj", "{B3C54BCA-6B13-4EA7-B2D8-7712C8638053}"
EndProject
Global
	GlobalSection(SolutionConfigurationPlatforms) = preSolution
		Debug|Any CPU = Debug|Any CPU
		Release|Any CPU = Release|Any CPU
	EndGlobalSection
	GlobalSection(ProjectConfigurationPlatforms) = postSolution
		{B3C54BCA-6B13-4EA7-B2D8-7712C8638053}.Debug|Any CPU.ActiveCfg = Debug|Any CPU
		{B3C54BCA-6B13-4EA7-B2D8-7712C8638053}.Release|Any CPU.ActiveCfg = Release|Any CPU
	EndGlobalSection
	GlobalSection(SolutionProperties) = preSolution
		HideSolutionNode = FALSE
	EndGlobalSection
	GlobalSection(ExtensibilityGlobals) = postSolution
		SolutionGuid = {B0BC1C5C-8F83-4254-B0C9-9ED2A22C5290}
	EndGlobalSection
EndGlobal
